
Microsoft Visual Studio Solution File, Format Version 12.00
# Visual Studio Version 17
VisualStudioVersion = 17.0.31903.59
MinimumVisualStudioVersion = 10.0.40219.1
Project("{2150E333-8FDC-42A3-9474-1A3956D46DE8}") = "src", "src", "{F3217BA4-4E19-483B-99E5-E0C1DCF66A51}"
EndProject
Project("{2150E333-8FDC-42A3-9474-1A3956D46DE8}") = "database", "database", "{AE0EA2A4-0F91-4EEB-B90C-3FD7C5434DD1}"
EndProject
Project("{2150E333-8FDC-42A3-9474-1A3956D46DE8}") = "application", "application", "{F6FA84A1-51F3-41DF-8D29-BDCADC88775E}"
EndProject
Project("{2150E333-8FDC-42A3-9474-1A3956D46DE8}") = "common", "common", "{FE74B86B-99D3-4C99-8349-4823C363CA49}"
EndProject
Project("{2150E333-8FDC-42A3-9474-1A3956D46DE8}") = "business", "business", "{23CC2A16-0DD1-4C2C-AB8C-CC3233CE879C}"
EndProject
Project("{9A19103F-16F7-4668-BE54-9A1E7A4F7556}") = "API", "src\application\API\API.csproj", "{31C17B99-6D18-477A-A7A7-D59E2C0292F1}"
EndProject
Project("{9A19103F-16F7-4668-BE54-9A1E7A4F7556}") = "Logic", "src\business\Logic\Logic.csproj", "{9E73958A-5773-4755-90F4-03CEA572E9D7}"
EndProject
Project("{9A19103F-16F7-4668-BE54-9A1E7A4F7556}") = "Process", "src\business\Process\Process.csproj", "{2E0ED5E9-FC46-4476-98E3-D6BC8BBBD2E7}"
EndProject
Project("{9A19103F-16F7-4668-BE54-9A1E7A4F7556}") = "Shared", "src\business\Shared\Shared.csproj", "{892212C6-88C4-431E-B6D8-A7D78CFF4DEB}"
EndProject
Project("{9A19103F-16F7-4668-BE54-9A1E7A4F7556}") = "Data", "src\database\Data\Data.csproj", "{7BD7E8D4-A398-428F-9F98-C6C91AD7440A}"
EndProject
Project("{9A19103F-16F7-4668-BE54-9A1E7A4F7556}") = "Common", "src\common\Common\Common.csproj", "{18C78AA5-BAFB-4F61-851C-3B6462FF1BCB}"
EndProject
Project("{9A19103F-16F7-4668-BE54-9A1E7A4F7556}") = "Ultils", "src\common\Ultils\Ultils.csproj", "{50361B4A-DCF8-4914-86B7-00DEA33C8A26}"
EndProject
Project("{9A19103F-16F7-4668-BE54-9A1E7A4F7556}") = "Data.Shared", "src\database\Data.Shared\Data.Shared.csproj", "{F456C24E-7A8F-4DFB-8B13-205E564BBC29}"
EndProject
Project("{2150E333-8FDC-42A3-9474-1A3956D46DE8}") = "integration", "integration", "{797FCACA-D517-4E67-BD59-EFD2D72E83FF}"
EndProject
Project("{9A19103F-16F7-4668-BE54-9A1E7A4F7556}") = "Abstraction", "src\integration\Abstraction\Abstraction.csproj", "{017A74C8-4BFF-4846-A79D-F738CDEA193E}"
EndProject
Project("{9A19103F-16F7-4668-BE54-9A1E7A4F7556}") = "VNPay", "src\integration\VNPay\VNPay.csproj", "{86279551-2397-4F10-9BDB-44DC05678DA4}"
EndProject
Project("{9A19103F-16F7-4668-BE54-9A1E7A4F7556}") = "MoMo", "src\integration\MoMo\MoMo.csproj", "{68DCA30D-8A04-4220-AC2C-39B4D56B7212}"
EndProject
Project("{9A19103F-16F7-4668-BE54-9A1E7A4F7556}") = "HDPayment", "src\integration\HDPayment\HDPayment.csproj", "{B0D61A30-C1FD-4E57-A9A0-590A3FC3EDB2}"
EndProject
Project("{9A19103F-16F7-4668-BE54-9A1E7A4F7556}") = "Mail", "src\common\Mail\Mail.csproj", "{D2226D95-F792-4724-B5BF-1EA7FC410AB5}"
EndProject
Project("{9A19103F-16F7-4668-BE54-9A1E7A4F7556}") = "Admin", "src\application\Admin\Admin.csproj", "{90AAD7B9-FB84-4670-8F50-C5CAF60E78BE}"
EndProject
Project("{9A19103F-16F7-4668-BE54-9A1E7A4F7556}") = "ZaloPay", "src\integration\ZaloPay\ZaloPay.csproj", "{95DC773A-4103-401A-87BF-5142F1E73E6F}"
EndProject
Project("{FAE04EC0-301F-11D3-BF4B-00C04F79EFBC}") = "SharedModel", "src\integration\SharedModel\SharedModel.csproj", "{743C7801-1599-456F-A796-B48E89A777C8}"
EndProject
Project("{FAE04EC0-301F-11D3-BF4B-00C04F79EFBC}") = "SMS", "src\common\SMS\SMS.csproj", "{AFF2ACAA-FC19-4430-A58F-AC5AA536485E}"
EndProject
Global
	GlobalSection(SolutionConfigurationPlatforms) = preSolution
		Debug|Any CPU = Debug|Any CPU
		Release|Any CPU = Release|Any CPU
	EndGlobalSection
	GlobalSection(ProjectConfigurationPlatforms) = postSolution
		{31C17B99-6D18-477A-A7A7-D59E2C0292F1}.Debug|Any CPU.ActiveCfg = Debug|Any CPU
		{31C17B99-6D18-477A-A7A7-D59E2C0292F1}.Debug|Any CPU.Build.0 = Debug|Any CPU
		{31C17B99-6D18-477A-A7A7-D59E2C0292F1}.Release|Any CPU.ActiveCfg = Release|Any CPU
		{31C17B99-6D18-477A-A7A7-D59E2C0292F1}.Release|Any CPU.Build.0 = Release|Any CPU
		{9E73958A-5773-4755-90F4-03CEA572E9D7}.Debug|Any CPU.ActiveCfg = Debug|Any CPU
		{9E73958A-5773-4755-90F4-03CEA572E9D7}.Debug|Any CPU.Build.0 = Debug|Any CPU
		{9E73958A-5773-4755-90F4-03CEA572E9D7}.Release|Any CPU.ActiveCfg = Release|Any CPU
		{9E73958A-5773-4755-90F4-03CEA572E9D7}.Release|Any CPU.Build.0 = Release|Any CPU
		{2E0ED5E9-FC46-4476-98E3-D6BC8BBBD2E7}.Debug|Any CPU.ActiveCfg = Debug|Any CPU
		{2E0ED5E9-FC46-4476-98E3-D6BC8BBBD2E7}.Debug|Any CPU.Build.0 = Debug|Any CPU
		{2E0ED5E9-FC46-4476-98E3-D6BC8BBBD2E7}.Release|Any CPU.ActiveCfg = Release|Any CPU
		{2E0ED5E9-FC46-4476-98E3-D6BC8BBBD2E7}.Release|Any CPU.Build.0 = Release|Any CPU
		{892212C6-88C4-431E-B6D8-A7D78CFF4DEB}.Debug|Any CPU.ActiveCfg = Debug|Any CPU
		{892212C6-88C4-431E-B6D8-A7D78CFF4DEB}.Debug|Any CPU.Build.0 = Debug|Any CPU
		{892212C6-88C4-431E-B6D8-A7D78CFF4DEB}.Release|Any CPU.ActiveCfg = Release|Any CPU
		{892212C6-88C4-431E-B6D8-A7D78CFF4DEB}.Release|Any CPU.Build.0 = Release|Any CPU
		{7BD7E8D4-A398-428F-9F98-C6C91AD7440A}.Debug|Any CPU.ActiveCfg = Debug|Any CPU
		{7BD7E8D4-A398-428F-9F98-C6C91AD7440A}.Debug|Any CPU.Build.0 = Debug|Any CPU
		{7BD7E8D4-A398-428F-9F98-C6C91AD7440A}.Release|Any CPU.ActiveCfg = Release|Any CPU
		{7BD7E8D4-A398-428F-9F98-C6C91AD7440A}.Release|Any CPU.Build.0 = Release|Any CPU
		{18C78AA5-BAFB-4F61-851C-3B6462FF1BCB}.Debug|Any CPU.ActiveCfg = Debug|Any CPU
		{18C78AA5-BAFB-4F61-851C-3B6462FF1BCB}.Debug|Any CPU.Build.0 = Debug|Any CPU
		{18C78AA5-BAFB-4F61-851C-3B6462FF1BCB}.Release|Any CPU.ActiveCfg = Release|Any CPU
		{18C78AA5-BAFB-4F61-851C-3B6462FF1BCB}.Release|Any CPU.Build.0 = Release|Any CPU
		{50361B4A-DCF8-4914-86B7-00DEA33C8A26}.Debug|Any CPU.ActiveCfg = Debug|Any CPU
		{50361B4A-DCF8-4914-86B7-00DEA33C8A26}.Debug|Any CPU.Build.0 = Debug|Any CPU
		{50361B4A-DCF8-4914-86B7-00DEA33C8A26}.Release|Any CPU.ActiveCfg = Release|Any CPU
		{50361B4A-DCF8-4914-86B7-00DEA33C8A26}.Release|Any CPU.Build.0 = Release|Any CPU
		{F456C24E-7A8F-4DFB-8B13-205E564BBC29}.Debug|Any CPU.ActiveCfg = Debug|Any CPU
		{F456C24E-7A8F-4DFB-8B13-205E564BBC29}.Debug|Any CPU.Build.0 = Debug|Any CPU
		{F456C24E-7A8F-4DFB-8B13-205E564BBC29}.Release|Any CPU.ActiveCfg = Release|Any CPU
		{F456C24E-7A8F-4DFB-8B13-205E564BBC29}.Release|Any CPU.Build.0 = Release|Any CPU
		{017A74C8-4BFF-4846-A79D-F738CDEA193E}.Debug|Any CPU.ActiveCfg = Debug|Any CPU
		{017A74C8-4BFF-4846-A79D-F738CDEA193E}.Debug|Any CPU.Build.0 = Debug|Any CPU
		{017A74C8-4BFF-4846-A79D-F738CDEA193E}.Release|Any CPU.ActiveCfg = Release|Any CPU
		{017A74C8-4BFF-4846-A79D-F738CDEA193E}.Release|Any CPU.Build.0 = Release|Any CPU
		{86279551-2397-4F10-9BDB-44DC05678DA4}.Debug|Any CPU.ActiveCfg = Debug|Any CPU
		{86279551-2397-4F10-9BDB-44DC05678DA4}.Debug|Any CPU.Build.0 = Debug|Any CPU
		{86279551-2397-4F10-9BDB-44DC05678DA4}.Release|Any CPU.ActiveCfg = Release|Any CPU
		{86279551-2397-4F10-9BDB-44DC05678DA4}.Release|Any CPU.Build.0 = Release|Any CPU
		{68DCA30D-8A04-4220-AC2C-39B4D56B7212}.Debug|Any CPU.ActiveCfg = Debug|Any CPU
		{68DCA30D-8A04-4220-AC2C-39B4D56B7212}.Debug|Any CPU.Build.0 = Debug|Any CPU
		{68DCA30D-8A04-4220-AC2C-39B4D56B7212}.Release|Any CPU.ActiveCfg = Release|Any CPU
		{68DCA30D-8A04-4220-AC2C-39B4D56B7212}.Release|Any CPU.Build.0 = Release|Any CPU
		{B0D61A30-C1FD-4E57-A9A0-590A3FC3EDB2}.Debug|Any CPU.ActiveCfg = Debug|Any CPU
		{B0D61A30-C1FD-4E57-A9A0-590A3FC3EDB2}.Debug|Any CPU.Build.0 = Debug|Any CPU
		{B0D61A30-C1FD-4E57-A9A0-590A3FC3EDB2}.Release|Any CPU.ActiveCfg = Release|Any CPU
		{B0D61A30-C1FD-4E57-A9A0-590A3FC3EDB2}.Release|Any CPU.Build.0 = Release|Any CPU
		{D2226D95-F792-4724-B5BF-1EA7FC410AB5}.Debug|Any CPU.ActiveCfg = Debug|Any CPU
		{D2226D95-F792-4724-B5BF-1EA7FC410AB5}.Debug|Any CPU.Build.0 = Debug|Any CPU
		{D2226D95-F792-4724-B5BF-1EA7FC410AB5}.Release|Any CPU.ActiveCfg = Release|Any CPU
		{D2226D95-F792-4724-B5BF-1EA7FC410AB5}.Release|Any CPU.Build.0 = Release|Any CPU
		{90AAD7B9-FB84-4670-8F50-C5CAF60E78BE}.Debug|Any CPU.ActiveCfg = Debug|Any CPU
		{90AAD7B9-FB84-4670-8F50-C5CAF60E78BE}.Debug|Any CPU.Build.0 = Debug|Any CPU
		{90AAD7B9-FB84-4670-8F50-C5CAF60E78BE}.Release|Any CPU.ActiveCfg = Release|Any CPU
		{90AAD7B9-FB84-4670-8F50-C5CAF60E78BE}.Release|Any CPU.Build.0 = Release|Any CPU
		{95DC773A-4103-401A-87BF-5142F1E73E6F}.Debug|Any CPU.ActiveCfg = Debug|Any CPU
		{95DC773A-4103-401A-87BF-5142F1E73E6F}.Debug|Any CPU.Build.0 = Debug|Any CPU
		{95DC773A-4103-401A-87BF-5142F1E73E6F}.Release|Any CPU.ActiveCfg = Release|Any CPU
		{95DC773A-4103-401A-87BF-5142F1E73E6F}.Release|Any CPU.Build.0 = Release|Any CPU
		{743C7801-1599-456F-A796-B48E89A777C8}.Debug|Any CPU.ActiveCfg = Debug|Any CPU
		{743C7801-1599-456F-A796-B48E89A777C8}.Debug|Any CPU.Build.0 = Debug|Any CPU
		{743C7801-1599-456F-A796-B48E89A777C8}.Release|Any CPU.ActiveCfg = Release|Any CPU
		{743C7801-1599-456F-A796-B48E89A777C8}.Release|Any CPU.Build.0 = Release|Any CPU
		{AFF2ACAA-FC19-4430-A58F-AC5AA536485E}.Debug|Any CPU.ActiveCfg = Debug|Any CPU
		{AFF2ACAA-FC19-4430-A58F-AC5AA536485E}.Debug|Any CPU.Build.0 = Debug|Any CPU
		{AFF2ACAA-FC19-4430-A58F-AC5AA536485E}.Release|Any CPU.ActiveCfg = Release|Any CPU
		{AFF2ACAA-FC19-4430-A58F-AC5AA536485E}.Release|Any CPU.Build.0 = Release|Any CPU
	EndGlobalSection
	GlobalSection(SolutionProperties) = preSolution
		HideSolutionNode = FALSE
	EndGlobalSection
	GlobalSection(NestedProjects) = preSolution
		{AE0EA2A4-0F91-4EEB-B90C-3FD7C5434DD1} = {F3217BA4-4E19-483B-99E5-E0C1DCF66A51}
		{F6FA84A1-51F3-41DF-8D29-BDCADC88775E} = {F3217BA4-4E19-483B-99E5-E0C1DCF66A51}
		{FE74B86B-99D3-4C99-8349-4823C363CA49} = {F3217BA4-4E19-483B-99E5-E0C1DCF66A51}
		{23CC2A16-0DD1-4C2C-AB8C-CC3233CE879C} = {F3217BA4-4E19-483B-99E5-E0C1DCF66A51}
		{31C17B99-6D18-477A-A7A7-D59E2C0292F1} = {F6FA84A1-51F3-41DF-8D29-BDCADC88775E}
		{9E73958A-5773-4755-90F4-03CEA572E9D7} = {23CC2A16-0DD1-4C2C-AB8C-CC3233CE879C}
		{2E0ED5E9-FC46-4476-98E3-D6BC8BBBD2E7} = {23CC2A16-0DD1-4C2C-AB8C-CC3233CE879C}
		{892212C6-88C4-431E-B6D8-A7D78CFF4DEB} = {23CC2A16-0DD1-4C2C-AB8C-CC3233CE879C}
		{7BD7E8D4-A398-428F-9F98-C6C91AD7440A} = {AE0EA2A4-0F91-4EEB-B90C-3FD7C5434DD1}
		{18C78AA5-BAFB-4F61-851C-3B6462FF1BCB} = {FE74B86B-99D3-4C99-8349-4823C363CA49}
		{50361B4A-DCF8-4914-86B7-00DEA33C8A26} = {FE74B86B-99D3-4C99-8349-4823C363CA49}
		{F456C24E-7A8F-4DFB-8B13-205E564BBC29} = {AE0EA2A4-0F91-4EEB-B90C-3FD7C5434DD1}
		{797FCACA-D517-4E67-BD59-EFD2D72E83FF} = {F3217BA4-4E19-483B-99E5-E0C1DCF66A51}
		{017A74C8-4BFF-4846-A79D-F738CDEA193E} = {797FCACA-D517-4E67-BD59-EFD2D72E83FF}
		{86279551-2397-4F10-9BDB-44DC05678DA4} = {797FCACA-D517-4E67-BD59-EFD2D72E83FF}
		{68DCA30D-8A04-4220-AC2C-39B4D56B7212} = {797FCACA-D517-4E67-BD59-EFD2D72E83FF}
		{B0D61A30-C1FD-4E57-A9A0-590A3FC3EDB2} = {797FCACA-D517-4E67-BD59-EFD2D72E83FF}
		{D2226D95-F792-4724-B5BF-1EA7FC410AB5} = {FE74B86B-99D3-4C99-8349-4823C363CA49}
		{90AAD7B9-FB84-4670-8F50-C5CAF60E78BE} = {F6FA84A1-51F3-41DF-8D29-BDCADC88775E}
		{95DC773A-4103-401A-87BF-5142F1E73E6F} = {797FCACA-D517-4E67-BD59-EFD2D72E83FF}
		{743C7801-1599-456F-A796-B48E89A777C8} = {797FCACA-D517-4E67-BD59-EFD2D72E83FF}
		{AFF2ACAA-FC19-4430-A58F-AC5AA536485E} = {FE74B86B-99D3-4C99-8349-4823C363CA49}
	EndGlobalSection
	GlobalSection(ExtensibilityGlobals) = postSolution
		SolutionGuid = {60E767E7-82A4-4680-B445-7937DAA6704D}
	EndGlobalSection
EndGlobal
